
Microsoft Visual Studio Solution File, Format Version 12.00
# Visual Studio Version 16
VisualStudioVersion = 16.0.29709.97
MinimumVisualStudioVersion = 10.0.40219.1
Project("{FAE04EC0-301F-11D3-BF4B-00C04F79EFBC}") = "ChurchSuiteSharp", "ChurchSuiteSharp.csproj", "{5E83B1E5-5F1D-4DBC-96DE-9896C82F21A9}"
EndProject
Project("{FAE04EC0-301F-11D3-BF4B-00C04F79EFBC}") = "ChurchSuiteSharp.Tests", "..\ChurchSuiteSharp.Tests\ChurchSuiteSharp.Tests.csproj", "{C85767AA-42BA-4F37-A4C4-B5B67765FD14}"
EndProject
Global
	GlobalSection(SolutionConfigurationPlatforms) = preSolution
		Debug|Any CPU = Debug|Any CPU
		Release|Any CPU = Release|Any CPU
	EndGlobalSection
	GlobalSection(ProjectConfigurationPlatforms) = postSolution
		{5E83B1E5-5F1D-4DBC-96DE-9896C82F21A9}.Debug|Any CPU.ActiveCfg = Debug|Any CPU
		{5E83B1E5-5F1D-4DBC-96DE-9896C82F21A9}.Debug|Any CPU.Build.0 = Debug|Any CPU
		{5E83B1E5-5F1D-4DBC-96DE-9896C82F21A9}.Release|Any CPU.ActiveCfg = Release|Any CPU
		{5E83B1E5-5F1D-4DBC-96DE-9896C82F21A9}.Release|Any CPU.Build.0 = Release|Any CPU
		{C85767AA-42BA-4F37-A4C4-B5B67765FD14}.Debug|Any CPU.ActiveCfg = Debug|Any CPU
		{C85767AA-42BA-4F37-A4C4-B5B67765FD14}.Debug|Any CPU.Build.0 = Debug|Any CPU
		{C85767AA-42BA-4F37-A4C4-B5B67765FD14}.Release|Any CPU.ActiveCfg = Release|Any CPU
		{C85767AA-42BA-4F37-A4C4-B5B67765FD14}.Release|Any CPU.Build.0 = Release|Any CPU
	EndGlobalSection
	GlobalSection(SolutionProperties) = preSolution
		HideSolutionNode = FALSE
	EndGlobalSection
	GlobalSection(ExtensibilityGlobals) = postSolution
		SolutionGuid = {0C8278FB-C625-4020-A15F-712C07890990}
	EndGlobalSection
EndGlobal
